
Microsoft Visual Studio Solution File, Format Version 12.00
# Visual Studio 14
VisualStudioVersion = 14.0.23107.0
MinimumVisualStudioVersion = 10.0.40219.1
Project("{FAE04EC0-301F-11D3-BF4B-00C04F79EFBC}") = "PP_LINKEDLIST_CSHARP", "PP_LINKEDLIST_CSHARP\PP_LINKEDLIST_CSHARP.csproj", "{C7184B88-150A-4408-B5AB-47E7D5A787EA}"
EndProject
Global
	GlobalSection(SolutionConfigurationPlatforms) = preSolution
		Debug|Any CPU = Debug|Any CPU
		Release|Any CPU = Release|Any CPU
	EndGlobalSection
	GlobalSection(ProjectConfigurationPlatforms) = postSolution
		{C7184B88-150A-4408-B5AB-47E7D5A787EA}.Debug|Any CPU.ActiveCfg = Debug|Any CPU
		{C7184B88-150A-4408-B5AB-47E7D5A787EA}.Debug|Any CPU.Build.0 = Debug|Any CPU
		{C7184B88-150A-4408-B5AB-47E7D5A787EA}.Release|Any CPU.ActiveCfg = Release|Any CPU
		{C7184B88-150A-4408-B5AB-47E7D5A787EA}.Release|Any CPU.Build.0 = Release|Any CPU
	EndGlobalSection
	GlobalSection(SolutionProperties) = preSolution
		HideSolutionNode = FALSE
	EndGlobalSection
EndGlobal
